
Microsoft Visual Studio Solution File, Format Version 12.00
# Visual Studio Version 17
VisualStudioVersion = 17.9.34728.123
MinimumVisualStudioVersion = 10.0.40219.1
Project("{9A19103F-16F7-4668-BE54-9A1E7A4F7556}") = "ConsoleTetris", "ConsoleTetris.csproj", "{2015D344-088B-4E89-9976-C4DDEE847236}"
EndProject
Global
	GlobalSection(SolutionConfigurationPlatforms) = preSolution
		Debug|Any CPU = Debug|Any CPU
		Release|Any CPU = Release|Any CPU
	EndGlobalSection
	GlobalSection(ProjectConfigurationPlatforms) = postSolution
		{2015D344-088B-4E89-9976-C4DDEE847236}.Debug|Any CPU.ActiveCfg = Debug|Any CPU
		{2015D344-088B-4E89-9976-C4DDEE847236}.Debug|Any CPU.Build.0 = Debug|Any CPU
		{2015D344-088B-4E89-9976-C4DDEE847236}.Release|Any CPU.ActiveCfg = Release|Any CPU
		{2015D344-088B-4E89-9976-C4DDEE847236}.Release|Any CPU.Build.0 = Release|Any CPU
	EndGlobalSection
	GlobalSection(SolutionProperties) = preSolution
		HideSolutionNode = FALSE
	EndGlobalSection
	GlobalSection(ExtensibilityGlobals) = postSolution
		SolutionGuid = {35807149-EF9C-4402-8499-BB8E7DE05A29}
	EndGlobalSection
EndGlobal
